{
  "name": "root",
  "lockfileVersion": 2,
  "requires": true,
  "packages": {
    "": {
      "dependencies": {
        "react-multi-carousel": "^2.8.3"
      }
    },
    "node_modules/react-multi-carousel": {
      "version": "2.8.3",
      "resolved": "https://registry.npmjs.org/react-multi-carousel/-/react-multi-carousel-2.8.3.tgz",
      "integrity": "sha512-wpHwq9Y/ydX+5yxpW8250jMOtg8NuBVlFrDTuS5/MdN0uD0zFIHxVbXhzzc4WFeQl6bn9ZLo8Fef2Ik5aBRgmw==",
      "engines": {
        "node": ">=8"
      }
    }
  },
  "dependencies": {
    "react-multi-carousel": {
      "version": "2.8.3",
      "resolved": "https://registry.npmjs.org/react-multi-carousel/-/react-multi-carousel-2.8.3.tgz",
      "integrity": "sha512-wpHwq9Y/ydX+5yxpW8250jMOtg8NuBVlFrDTuS5/MdN0uD0zFIHxVbXhzzc4WFeQl6bn9ZLo8Fef2Ik5aBRgmw=="
    }
  }
}
